
Microsoft Visual Studio Solution File, Format Version 12.00
# Visual Studio Version 16
VisualStudioVersion = 16.0.29411.108
MinimumVisualStudioVersion = 10.0.40219.1
Project("{FAE04EC0-301F-11D3-BF4B-00C04F79EFBC}") = "GoogleAlertAPI", "GoogleAlertAPI.csproj", "{C84F5E1E-F821-4F42-BBDE-DBB45FAB43EF}"
EndProject
Global
	GlobalSection(SolutionConfigurationPlatforms) = preSolution
		Debug|Any CPU = Debug|Any CPU
		Release|Any CPU = Release|Any CPU
	EndGlobalSection
	GlobalSection(ProjectConfigurationPlatforms) = postSolution
		{C84F5E1E-F821-4F42-BBDE-DBB45FAB43EF}.Debug|Any CPU.ActiveCfg = Debug|Any CPU
		{C84F5E1E-F821-4F42-BBDE-DBB45FAB43EF}.Debug|Any CPU.Build.0 = Debug|Any CPU
		{C84F5E1E-F821-4F42-BBDE-DBB45FAB43EF}.Release|Any CPU.ActiveCfg = Release|Any CPU
		{C84F5E1E-F821-4F42-BBDE-DBB45FAB43EF}.Release|Any CPU.Build.0 = Release|Any CPU
	EndGlobalSection
	GlobalSection(SolutionProperties) = preSolution
		HideSolutionNode = FALSE
	EndGlobalSection
	GlobalSection(ExtensibilityGlobals) = postSolution
		SolutionGuid = {D2FE58EE-1721-46A1-872F-F7E32BEB0B22}
	EndGlobalSection
EndGlobal
